{
    "name": "@seratch_/bolt-prisma",
    "version": "1.0.5",
    "lockfileVersion": 3,
    "requires": true,
    "packages": {
        "": {
            "name": "@seratch_/bolt-prisma",
            "version": "1.0.5",
            "license": "MIT",
            "dependencies": {
                "@prisma/client": "^3.15.2",
                "@slack/logger": "^3.0.0",
                "@slack/oauth": "^3.0.3",
                "@slack/web-api": "^7.9.3",
                "@types/node": "^17.0.45"
            },
            "devDependencies": {
                "bolt-extension-test-kit": "file:../bolt-extension-test-kit",
                "prisma": "^3.15.2"
            }
        },
        "../bolt-extension-test-kit": {
            "name": "@seratch_/bolt-extension-test-kit",
            "version": "1.0.5",
            "dev": true,
            "license": "MIT",
            "dependencies": {
                "@slack/logger": "^3.0.0",
                "@slack/oauth": "^3.0.3",
                "@slack/web-api": "^7.9.3",
                "@types/node": "^17.0.45"
            }
        },
        "../bolt-extension-test-kit/node_modules/@slack/logger": {
            "version": "3.0.0",
            "dev": true,
            "license": "MIT",
            "dependencies": {
                "@types/node": ">=12.0.0"
            },
            "engines": {
                "node": ">= 12.13.0",
                "npm": ">= 6.12.0"
            }
        },
        "../bolt-extension-test-kit/node_modules/@slack/oauth": {
            "version": "3.0.3",
            "dev": true,
            "license": "MIT",
            "dependencies": {
                "@slack/logger": "^4",
                "@slack/web-api": "^7.9.1",
                "@types/jsonwebtoken": "^9",
                "@types/node": ">=18",
                "jsonwebtoken": "^9",
                "lodash.isstring": "^4"
            },
            "engines": {
                "node": ">=18",
                "npm": ">=8.6.0"
            }
        },
        "../bolt-extension-test-kit/node_modules/@slack/oauth/node_modules/@slack/logger": {
            "version": "4.0.0",
            "dev": true,
            "license": "MIT",
            "dependencies": {
                "@types/node": ">=18.0.0"
            },
            "engines": {
                "node": ">= 18",
                "npm": ">= 8.6.0"
            }
        },
        "../bolt-extension-test-kit/node_modules/@slack/oauth/node_modules/@types/node": {
            "version": "24.3.0",
            "dev": true,
            "license": "MIT",
            "dependencies": {
                "undici-types": "~7.10.0"
            }
        },
        "../bolt-extension-test-kit/node_modules/@slack/types": {
            "version": "2.15.0",
            "dev": true,
            "license": "MIT",
            "engines": {
                "node": ">= 12.13.0",
                "npm": ">= 6.12.0"
            }
        },
        "../bolt-extension-test-kit/node_modules/@slack/web-api": {
            "version": "7.9.3",
            "dev": true,
            "license": "MIT",
            "dependencies": {
                "@slack/logger": "^4.0.0",
                "@slack/types": "^2.9.0",
                "@types/node": ">=18.0.0",
                "@types/retry": "0.12.0",
                "axios": "^1.8.3",
                "eventemitter3": "^5.0.1",
                "form-data": "^4.0.0",
                "is-electron": "2.2.2",
                "is-stream": "^2",
                "p-queue": "^6",
                "p-retry": "^4",
                "retry": "^0.13.1"
            },
            "engines": {
                "node": ">= 18",
                "npm": ">= 8.6.0"
            }
        },
        "../bolt-extension-test-kit/node_modules/@slack/web-api/node_modules/@slack/logger": {
            "version": "4.0.0",
            "dev": true,
            "license": "MIT",
            "dependencies": {
                "@types/node": ">=18.0.0"
            },
            "engines": {
                "node": ">= 18",
                "npm": ">= 8.6.0"
            }
        },
        "../bolt-extension-test-kit/node_modules/@slack/web-api/node_modules/@types/node": {
            "version": "24.3.0",
            "dev": true,
            "license": "MIT",
            "dependencies": {
                "undici-types": "~7.10.0"
            }
        },
        "../bolt-extension-test-kit/node_modules/@types/jsonwebtoken": {
            "version": "9.0.10",
            "dev": true,
            "license": "MIT",
            "dependencies": {
                "@types/ms": "*",
                "@types/node": "*"
            }
        },
        "../bolt-extension-test-kit/node_modules/@types/ms": {
            "version": "2.1.0",
            "dev": true,
            "license": "MIT"
        },
        "../bolt-extension-test-kit/node_modules/@types/node": {
            "version": "17.0.45",
            "dev": true,
            "license": "MIT"
        },
        "../bolt-extension-test-kit/node_modules/@types/retry": {
            "version": "0.12.0",
            "dev": true,
            "license": "MIT"
        },
        "../bolt-extension-test-kit/node_modules/asynckit": {
            "version": "0.4.0",
            "dev": true,
            "license": "MIT"
        },
        "../bolt-extension-test-kit/node_modules/axios": {
            "version": "1.11.0",
            "dev": true,
            "license": "MIT",
            "dependencies": {
                "follow-redirects": "^1.15.6",
                "form-data": "^4.0.4",
                "proxy-from-env": "^1.1.0"
            }
        },
        "../bolt-extension-test-kit/node_modules/buffer-equal-constant-time": {
            "version": "1.0.1",
            "dev": true,
            "license": "BSD-3-Clause"
        },
        "../bolt-extension-test-kit/node_modules/call-bind-apply-helpers": {
            "version": "1.0.2",
            "dev": true,
            "license": "MIT",
            "dependencies": {
                "es-errors": "^1.3.0",
                "function-bind": "^1.1.2"
            },
            "engines": {
                "node": ">= 0.4"
            }
        },
        "../bolt-extension-test-kit/node_modules/combined-stream": {
            "version": "1.0.8",
            "dev": true,
            "license": "MIT",
            "dependencies": {
                "delayed-stream": "~1.0.0"
            },
            "engines": {
                "node": ">= 0.8"
            }
        },
        "../bolt-extension-test-kit/node_modules/delayed-stream": {
            "version": "1.0.0",
            "dev": true,
            "license": "MIT",
            "engines": {
                "node": ">=0.4.0"
            }
        },
        "../bolt-extension-test-kit/node_modules/dunder-proto": {
            "version": "1.0.1",
            "dev": true,
            "license": "MIT",
            "dependencies": {
                "call-bind-apply-helpers": "^1.0.1",
                "es-errors": "^1.3.0",
                "gopd": "^1.2.0"
            },
            "engines": {
                "node": ">= 0.4"
            }
        },
        "../bolt-extension-test-kit/node_modules/ecdsa-sig-formatter": {
            "version": "1.0.11",
            "dev": true,
            "license": "Apache-2.0",
            "dependencies": {
                "safe-buffer": "^5.0.1"
            }
        },
        "../bolt-extension-test-kit/node_modules/es-define-property": {
            "version": "1.0.1",
            "dev": true,
            "license": "MIT",
            "engines": {
                "node": ">= 0.4"
            }
        },
        "../bolt-extension-test-kit/node_modules/es-errors": {
            "version": "1.3.0",
            "dev": true,
            "license": "MIT",
            "engines": {
                "node": ">= 0.4"
            }
        },
        "../bolt-extension-test-kit/node_modules/es-object-atoms": {
            "version": "1.1.1",
            "dev": true,
            "license": "MIT",
            "dependencies": {
                "es-errors": "^1.3.0"
            },
            "engines": {
                "node": ">= 0.4"
            }
        },
        "../bolt-extension-test-kit/node_modules/es-set-tostringtag": {
            "version": "2.1.0",
            "dev": true,
            "license": "MIT",
            "dependencies": {
                "es-errors": "^1.3.0",
                "get-intrinsic": "^1.2.6",
                "has-tostringtag": "^1.0.2",
                "hasown": "^2.0.2"
            },
            "engines": {
                "node": ">= 0.4"
            }
        },
        "../bolt-extension-test-kit/node_modules/eventemitter3": {
            "version": "5.0.1",
            "dev": true,
            "license": "MIT"
        },
        "../bolt-extension-test-kit/node_modules/follow-redirects": {
            "version": "1.15.11",
            "dev": true,
            "funding": [
                {
                    "type": "individual",
                    "url": "https://github.com/sponsors/RubenVerborgh"
                }
            ],
            "license": "MIT",
            "engines": {
                "node": ">=4.0"
            },
            "peerDependenciesMeta": {
                "debug": {
                    "optional": true
                }
            }
        },
        "../bolt-extension-test-kit/node_modules/form-data": {
            "version": "4.0.4",
            "dev": true,
            "license": "MIT",
            "dependencies": {
                "asynckit": "^0.4.0",
                "combined-stream": "^1.0.8",
                "es-set-tostringtag": "^2.1.0",
                "hasown": "^2.0.2",
                "mime-types": "^2.1.12"
            },
            "engines": {
                "node": ">= 6"
            }
        },
        "../bolt-extension-test-kit/node_modules/function-bind": {
            "version": "1.1.2",
            "dev": true,
            "license": "MIT",
            "funding": {
                "url": "https://github.com/sponsors/ljharb"
            }
        },
        "../bolt-extension-test-kit/node_modules/get-intrinsic": {
            "version": "1.3.0",
            "dev": true,
            "license": "MIT",
            "dependencies": {
                "call-bind-apply-helpers": "^1.0.2",
                "es-define-property": "^1.0.1",
                "es-errors": "^1.3.0",
                "es-object-atoms": "^1.1.1",
                "function-bind": "^1.1.2",
                "get-proto": "^1.0.1",
                "gopd": "^1.2.0",
                "has-symbols": "^1.1.0",
                "hasown": "^2.0.2",
                "math-intrinsics": "^1.1.0"
            },
            "engines": {
                "node": ">= 0.4"
            },
            "funding": {
                "url": "https://github.com/sponsors/ljharb"
            }
        },
        "../bolt-extension-test-kit/node_modules/get-proto": {
            "version": "1.0.1",
            "dev": true,
            "license": "MIT",
            "dependencies": {
                "dunder-proto": "^1.0.1",
                "es-object-atoms": "^1.0.0"
            },
            "engines": {
                "node": ">= 0.4"
            }
        },
        "../bolt-extension-test-kit/node_modules/gopd": {
            "version": "1.2.0",
            "dev": true,
            "license": "MIT",
            "engines": {
                "node": ">= 0.4"
            },
            "funding": {
                "url": "https://github.com/sponsors/ljharb"
            }
        },
        "../bolt-extension-test-kit/node_modules/has-symbols": {
            "version": "1.1.0",
            "dev": true,
            "license": "MIT",
            "engines": {
                "node": ">= 0.4"
            },
            "funding": {
                "url": "https://github.com/sponsors/ljharb"
            }
        },
        "../bolt-extension-test-kit/node_modules/has-tostringtag": {
            "version": "1.0.2",
            "dev": true,
            "license": "MIT",
            "dependencies": {
                "has-symbols": "^1.0.3"
            },
            "engines": {
                "node": ">= 0.4"
            },
            "funding": {
                "url": "https://github.com/sponsors/ljharb"
            }
        },
        "../bolt-extension-test-kit/node_modules/hasown": {
            "version": "2.0.2",
            "dev": true,
            "license": "MIT",
            "dependencies": {
                "function-bind": "^1.1.2"
            },
            "engines": {
                "node": ">= 0.4"
            }
        },
        "../bolt-extension-test-kit/node_modules/is-electron": {
            "version": "2.2.2",
            "dev": true,
            "license": "MIT"
        },
        "../bolt-extension-test-kit/node_modules/is-stream": {
            "version": "2.0.1",
            "dev": true,
            "license": "MIT",
            "engines": {
                "node": ">=8"
            },
            "funding": {
                "url": "https://github.com/sponsors/sindresorhus"
            }
        },
        "../bolt-extension-test-kit/node_modules/jsonwebtoken": {
            "version": "9.0.2",
            "dev": true,
            "license": "MIT",
            "dependencies": {
                "jws": "^3.2.2",
                "lodash.includes": "^4.3.0",
                "lodash.isboolean": "^3.0.3",
                "lodash.isinteger": "^4.0.4",
                "lodash.isnumber": "^3.0.3",
                "lodash.isplainobject": "^4.0.6",
                "lodash.isstring": "^4.0.1",
                "lodash.once": "^4.0.0",
                "ms": "^2.1.1",
                "semver": "^7.5.4"
            },
            "engines": {
                "node": ">=12",
                "npm": ">=6"
            }
        },
        "../bolt-extension-test-kit/node_modules/jwa": {
            "version": "1.4.1",
            "dev": true,
            "license": "MIT",
            "dependencies": {
                "buffer-equal-constant-time": "1.0.1",
                "ecdsa-sig-formatter": "1.0.11",
                "safe-buffer": "^5.0.1"
            }
        },
        "../bolt-extension-test-kit/node_modules/jws": {
            "version": "3.2.2",
            "dev": true,
            "license": "MIT",
            "dependencies": {
                "jwa": "^1.4.1",
                "safe-buffer": "^5.0.1"
            }
        },
        "../bolt-extension-test-kit/node_modules/lodash.includes": {
            "version": "4.3.0",
            "dev": true,
            "license": "MIT"
        },
        "../bolt-extension-test-kit/node_modules/lodash.isboolean": {
            "version": "3.0.3",
            "dev": true,
            "license": "MIT"
        },
        "../bolt-extension-test-kit/node_modules/lodash.isinteger": {
            "version": "4.0.4",
            "dev": true,
            "license": "MIT"
        },
        "../bolt-extension-test-kit/node_modules/lodash.isnumber": {
            "version": "3.0.3",
            "dev": true,
            "license": "MIT"
        },
        "../bolt-extension-test-kit/node_modules/lodash.isplainobject": {
            "version": "4.0.6",
            "dev": true,
            "license": "MIT"
        },
        "../bolt-extension-test-kit/node_modules/lodash.isstring": {
            "version": "4.0.1",
            "dev": true,
            "license": "MIT"
        },
        "../bolt-extension-test-kit/node_modules/lodash.once": {
            "version": "4.1.1",
            "dev": true,
            "license": "MIT"
        },
        "../bolt-extension-test-kit/node_modules/lru-cache": {
            "version": "6.0.0",
            "dev": true,
            "license": "ISC",
            "dependencies": {
                "yallist": "^4.0.0"
            },
            "engines": {
                "node": ">=10"
            }
        },
        "../bolt-extension-test-kit/node_modules/math-intrinsics": {
            "version": "1.1.0",
            "dev": true,
            "license": "MIT",
            "engines": {
                "node": ">= 0.4"
            }
        },
        "../bolt-extension-test-kit/node_modules/mime-db": {
            "version": "1.52.0",
            "dev": true,
            "license": "MIT",
            "engines": {
                "node": ">= 0.6"
            }
        },
        "../bolt-extension-test-kit/node_modules/mime-types": {
            "version": "2.1.35",
            "dev": true,
            "license": "MIT",
            "dependencies": {
                "mime-db": "1.52.0"
            },
            "engines": {
                "node": ">= 0.6"
            }
        },
        "../bolt-extension-test-kit/node_modules/ms": {
            "version": "2.1.3",
            "dev": true,
            "license": "MIT"
        },
        "../bolt-extension-test-kit/node_modules/p-finally": {
            "version": "1.0.0",
            "dev": true,
            "license": "MIT",
            "engines": {
                "node": ">=4"
            }
        },
        "../bolt-extension-test-kit/node_modules/p-queue": {
            "version": "6.6.2",
            "dev": true,
            "license": "MIT",
            "dependencies": {
                "eventemitter3": "^4.0.4",
                "p-timeout": "^3.2.0"
            },
            "engines": {
                "node": ">=8"
            },
            "funding": {
                "url": "https://github.com/sponsors/sindresorhus"
            }
        },
        "../bolt-extension-test-kit/node_modules/p-queue/node_modules/eventemitter3": {
            "version": "4.0.7",
            "dev": true,
            "license": "MIT"
        },
        "../bolt-extension-test-kit/node_modules/p-retry": {
            "version": "4.6.2",
            "dev": true,
            "license": "MIT",
            "dependencies": {
                "@types/retry": "0.12.0",
                "retry": "^0.13.1"
            },
            "engines": {
                "node": ">=8"
            }
        },
        "../bolt-extension-test-kit/node_modules/p-timeout": {
            "version": "3.2.0",
            "dev": true,
            "license": "MIT",
            "dependencies": {
                "p-finally": "^1.0.0"
            },
            "engines": {
                "node": ">=8"
            }
        },
        "../bolt-extension-test-kit/node_modules/proxy-from-env": {
            "version": "1.1.0",
            "dev": true,
            "license": "MIT"
        },
        "../bolt-extension-test-kit/node_modules/retry": {
            "version": "0.13.1",
            "dev": true,
            "license": "MIT",
            "engines": {
                "node": ">= 4"
            }
        },
        "../bolt-extension-test-kit/node_modules/safe-buffer": {
            "version": "5.2.1",
            "dev": true,
            "funding": [
                {
                    "type": "github",
                    "url": "https://github.com/sponsors/feross"
                },
                {
                    "type": "patreon",
                    "url": "https://www.patreon.com/feross"
                },
                {
                    "type": "consulting",
                    "url": "https://feross.org/support"
                }
            ],
            "license": "MIT"
        },
        "../bolt-extension-test-kit/node_modules/semver": {
            "version": "7.5.4",
            "dev": true,
            "license": "ISC",
            "dependencies": {
                "lru-cache": "^6.0.0"
            },
            "bin": {
                "semver": "bin/semver.js"
            },
            "engines": {
                "node": ">=10"
            }
        },
        "../bolt-extension-test-kit/node_modules/undici-types": {
            "version": "7.10.0",
            "dev": true,
            "license": "MIT"
        },
        "../bolt-extension-test-kit/node_modules/yallist": {
            "version": "4.0.0",
            "dev": true,
            "license": "ISC"
        },
        "node_modules/@prisma/client": {
            "version": "3.15.2",
            "hasInstallScript": true,
            "license": "Apache-2.0",
            "dependencies": {
                "@prisma/engines-version": "3.15.1-1.461d6a05159055555eb7dfb337c9fb271cbd4d7e"
            },
            "engines": {
                "node": ">=12.6"
            },
            "peerDependencies": {
                "prisma": "*"
            },
            "peerDependenciesMeta": {
                "prisma": {
                    "optional": true
                }
            }
        },
        "node_modules/@prisma/engines": {
            "version": "3.15.1-1.461d6a05159055555eb7dfb337c9fb271cbd4d7e",
            "devOptional": true,
            "hasInstallScript": true,
            "license": "Apache-2.0"
        },
        "node_modules/@prisma/engines-version": {
            "version": "3.15.1-1.461d6a05159055555eb7dfb337c9fb271cbd4d7e",
            "license": "Apache-2.0"
        },
        "node_modules/@slack/logger": {
            "version": "3.0.0",
            "license": "MIT",
            "dependencies": {
                "@types/node": ">=12.0.0"
            },
            "engines": {
                "node": ">= 12.13.0",
                "npm": ">= 6.12.0"
            }
        },
        "node_modules/@slack/oauth": {
            "version": "3.0.3",
            "license": "MIT",
            "dependencies": {
                "@slack/logger": "^4",
                "@slack/web-api": "^7.9.1",
                "@types/jsonwebtoken": "^9",
                "@types/node": ">=18",
                "jsonwebtoken": "^9",
                "lodash.isstring": "^4"
            },
            "engines": {
                "node": ">=18",
                "npm": ">=8.6.0"
            }
        },
        "node_modules/@slack/oauth/node_modules/@slack/logger": {
            "version": "4.0.0",
            "license": "MIT",
            "dependencies": {
                "@types/node": ">=18.0.0"
            },
            "engines": {
                "node": ">= 18",
                "npm": ">= 8.6.0"
            }
        },
        "node_modules/@slack/oauth/node_modules/@types/node": {
            "version": "24.3.0",
            "license": "MIT",
            "dependencies": {
                "undici-types": "~7.10.0"
            }
        },
        "node_modules/@slack/types": {
            "version": "2.11.0",
            "license": "MIT",
            "engines": {
                "node": ">= 12.13.0",
                "npm": ">= 6.12.0"
            }
        },
        "node_modules/@slack/web-api": {
            "version": "7.9.3",
            "license": "MIT",
            "dependencies": {
                "@slack/logger": "^4.0.0",
                "@slack/types": "^2.9.0",
                "@types/node": ">=18.0.0",
                "@types/retry": "0.12.0",
                "axios": "^1.8.3",
                "eventemitter3": "^5.0.1",
                "form-data": "^4.0.0",
                "is-electron": "2.2.2",
                "is-stream": "^2",
                "p-queue": "^6",
                "p-retry": "^4",
                "retry": "^0.13.1"
            },
            "engines": {
                "node": ">= 18",
                "npm": ">= 8.6.0"
            }
        },
        "node_modules/@slack/web-api/node_modules/@slack/logger": {
            "version": "4.0.0",
            "license": "MIT",
            "dependencies": {
                "@types/node": ">=18.0.0"
            },
            "engines": {
                "node": ">= 18",
                "npm": ">= 8.6.0"
            }
        },
        "node_modules/@slack/web-api/node_modules/@types/node": {
            "version": "24.3.0",
            "license": "MIT",
            "dependencies": {
                "undici-types": "~7.10.0"
            }
        },
        "node_modules/@types/jsonwebtoken": {
            "version": "9.0.10",
            "license": "MIT",
            "dependencies": {
                "@types/ms": "*",
                "@types/node": "*"
            }
        },
        "node_modules/@types/ms": {
            "version": "2.1.0",
            "license": "MIT"
        },
        "node_modules/@types/node": {
            "version": "17.0.45",
            "license": "MIT"
        },
        "node_modules/@types/retry": {
            "version": "0.12.0",
            "license": "MIT"
        },
        "node_modules/asynckit": {
            "version": "0.4.0",
            "license": "MIT"
        },
        "node_modules/axios": {
            "version": "1.11.0",
            "license": "MIT",
            "dependencies": {
                "follow-redirects": "^1.15.6",
                "form-data": "^4.0.4",
                "proxy-from-env": "^1.1.0"
            }
        },
        "node_modules/bolt-extension-test-kit": {
            "resolved": "../bolt-extension-test-kit",
            "link": true
        },
        "node_modules/buffer-equal-constant-time": {
            "version": "1.0.1",
            "license": "BSD-3-Clause"
        },
        "node_modules/call-bind-apply-helpers": {
            "version": "1.0.2",
            "license": "MIT",
            "dependencies": {
                "es-errors": "^1.3.0",
                "function-bind": "^1.1.2"
            },
            "engines": {
                "node": ">= 0.4"
            }
        },
        "node_modules/combined-stream": {
            "version": "1.0.8",
            "license": "MIT",
            "dependencies": {
                "delayed-stream": "~1.0.0"
            },
            "engines": {
                "node": ">= 0.8"
            }
        },
        "node_modules/delayed-stream": {
            "version": "1.0.0",
            "license": "MIT",
            "engines": {
                "node": ">=0.4.0"
            }
        },
        "node_modules/dunder-proto": {
            "version": "1.0.1",
            "license": "MIT",
            "dependencies": {
                "call-bind-apply-helpers": "^1.0.1",
                "es-errors": "^1.3.0",
                "gopd": "^1.2.0"
            },
            "engines": {
                "node": ">= 0.4"
            }
        },
        "node_modules/ecdsa-sig-formatter": {
            "version": "1.0.11",
            "license": "Apache-2.0",
            "dependencies": {
                "safe-buffer": "^5.0.1"
            }
        },
        "node_modules/es-define-property": {
            "version": "1.0.1",
            "license": "MIT",
            "engines": {
                "node": ">= 0.4"
            }
        },
        "node_modules/es-errors": {
            "version": "1.3.0",
            "license": "MIT",
            "engines": {
                "node": ">= 0.4"
            }
        },
        "node_modules/es-object-atoms": {
            "version": "1.1.1",
            "license": "MIT",
            "dependencies": {
                "es-errors": "^1.3.0"
            },
            "engines": {
                "node": ">= 0.4"
            }
        },
        "node_modules/es-set-tostringtag": {
            "version": "2.1.0",
            "license": "MIT",
            "dependencies": {
                "es-errors": "^1.3.0",
                "get-intrinsic": "^1.2.6",
                "has-tostringtag": "^1.0.2",
                "hasown": "^2.0.2"
            },
            "engines": {
                "node": ">= 0.4"
            }
        },
        "node_modules/eventemitter3": {
            "version": "5.0.1",
            "license": "MIT"
        },
        "node_modules/follow-redirects": {
            "version": "1.15.11",
            "funding": [
                {
                    "type": "individual",
                    "url": "https://github.com/sponsors/RubenVerborgh"
                }
            ],
            "license": "MIT",
            "engines": {
                "node": ">=4.0"
            },
            "peerDependenciesMeta": {
                "debug": {
                    "optional": true
                }
            }
        },
        "node_modules/form-data": {
            "version": "4.0.4",
            "license": "MIT",
            "dependencies": {
                "asynckit": "^0.4.0",
                "combined-stream": "^1.0.8",
                "es-set-tostringtag": "^2.1.0",
                "hasown": "^2.0.2",
                "mime-types": "^2.1.12"
            },
            "engines": {
                "node": ">= 6"
            }
        },
        "node_modules/function-bind": {
            "version": "1.1.2",
            "license": "MIT",
            "funding": {
                "url": "https://github.com/sponsors/ljharb"
            }
        },
        "node_modules/get-intrinsic": {
            "version": "1.3.0",
            "license": "MIT",
            "dependencies": {
                "call-bind-apply-helpers": "^1.0.2",
                "es-define-property": "^1.0.1",
                "es-errors": "^1.3.0",
                "es-object-atoms": "^1.1.1",
                "function-bind": "^1.1.2",
                "get-proto": "^1.0.1",
                "gopd": "^1.2.0",
                "has-symbols": "^1.1.0",
                "hasown": "^2.0.2",
                "math-intrinsics": "^1.1.0"
            },
            "engines": {
                "node": ">= 0.4"
            },
            "funding": {
                "url": "https://github.com/sponsors/ljharb"
            }
        },
        "node_modules/get-proto": {
            "version": "1.0.1",
            "license": "MIT",
            "dependencies": {
                "dunder-proto": "^1.0.1",
                "es-object-atoms": "^1.0.0"
            },
            "engines": {
                "node": ">= 0.4"
            }
        },
        "node_modules/gopd": {
            "version": "1.2.0",
            "license": "MIT",
            "engines": {
                "node": ">= 0.4"
            },
            "funding": {
                "url": "https://github.com/sponsors/ljharb"
            }
        },
        "node_modules/has-symbols": {
            "version": "1.1.0",
            "license": "MIT",
            "engines": {
                "node": ">= 0.4"
            },
            "funding": {
                "url": "https://github.com/sponsors/ljharb"
            }
        },
        "node_modules/has-tostringtag": {
            "version": "1.0.2",
            "license": "MIT",
            "dependencies": {
                "has-symbols": "^1.0.3"
            },
            "engines": {
                "node": ">= 0.4"
            },
            "funding": {
                "url": "https://github.com/sponsors/ljharb"
            }
        },
        "node_modules/hasown": {
            "version": "2.0.2",
            "license": "MIT",
            "dependencies": {
                "function-bind": "^1.1.2"
            },
            "engines": {
                "node": ">= 0.4"
            }
        },
        "node_modules/is-electron": {
            "version": "2.2.2",
            "license": "MIT"
        },
        "node_modules/is-stream": {
            "version": "2.0.1",
            "license": "MIT",
            "engines": {
                "node": ">=8"
            },
            "funding": {
                "url": "https://github.com/sponsors/sindresorhus"
            }
        },
        "node_modules/jsonwebtoken": {
            "version": "9.0.2",
            "license": "MIT",
            "dependencies": {
                "jws": "^3.2.2",
                "lodash.includes": "^4.3.0",
                "lodash.isboolean": "^3.0.3",
                "lodash.isinteger": "^4.0.4",
                "lodash.isnumber": "^3.0.3",
                "lodash.isplainobject": "^4.0.6",
                "lodash.isstring": "^4.0.1",
                "lodash.once": "^4.0.0",
                "ms": "^2.1.1",
                "semver": "^7.5.4"
            },
            "engines": {
                "node": ">=12",
                "npm": ">=6"
            }
        },
        "node_modules/jwa": {
            "version": "1.4.1",
            "license": "MIT",
            "dependencies": {
                "buffer-equal-constant-time": "1.0.1",
                "ecdsa-sig-formatter": "1.0.11",
                "safe-buffer": "^5.0.1"
            }
        },
        "node_modules/jws": {
            "version": "3.2.2",
            "license": "MIT",
            "dependencies": {
                "jwa": "^1.4.1",
                "safe-buffer": "^5.0.1"
            }
        },
        "node_modules/lodash.includes": {
            "version": "4.3.0",
            "license": "MIT"
        },
        "node_modules/lodash.isboolean": {
            "version": "3.0.3",
            "license": "MIT"
        },
        "node_modules/lodash.isinteger": {
            "version": "4.0.4",
            "license": "MIT"
        },
        "node_modules/lodash.isnumber": {
            "version": "3.0.3",
            "license": "MIT"
        },
        "node_modules/lodash.isplainobject": {
            "version": "4.0.6",
            "license": "MIT"
        },
        "node_modules/lodash.isstring": {
            "version": "4.0.1",
            "license": "MIT"
        },
        "node_modules/lodash.once": {
            "version": "4.1.1",
            "license": "MIT"
        },
        "node_modules/lru-cache": {
            "version": "6.0.0",
            "license": "ISC",
            "dependencies": {
                "yallist": "^4.0.0"
            },
            "engines": {
                "node": ">=10"
            }
        },
        "node_modules/math-intrinsics": {
            "version": "1.1.0",
            "license": "MIT",
            "engines": {
                "node": ">= 0.4"
            }
        },
        "node_modules/mime-db": {
            "version": "1.52.0",
            "license": "MIT",
            "engines": {
                "node": ">= 0.6"
            }
        },
        "node_modules/mime-types": {
            "version": "2.1.35",
            "license": "MIT",
            "dependencies": {
                "mime-db": "1.52.0"
            },
            "engines": {
                "node": ">= 0.6"
            }
        },
        "node_modules/ms": {
            "version": "2.1.3",
            "license": "MIT"
        },
        "node_modules/p-finally": {
            "version": "1.0.0",
            "license": "MIT",
            "engines": {
                "node": ">=4"
            }
        },
        "node_modules/p-queue": {
            "version": "6.6.2",
            "license": "MIT",
            "dependencies": {
                "eventemitter3": "^4.0.4",
                "p-timeout": "^3.2.0"
            },
            "engines": {
                "node": ">=8"
            },
            "funding": {
                "url": "https://github.com/sponsors/sindresorhus"
            }
        },
        "node_modules/p-queue/node_modules/eventemitter3": {
            "version": "4.0.7",
            "license": "MIT"
        },
        "node_modules/p-retry": {
            "version": "4.6.2",
            "license": "MIT",
            "dependencies": {
                "@types/retry": "0.12.0",
                "retry": "^0.13.1"
            },
            "engines": {
                "node": ">=8"
            }
        },
        "node_modules/p-timeout": {
            "version": "3.2.0",
            "license": "MIT",
            "dependencies": {
                "p-finally": "^1.0.0"
            },
            "engines": {
                "node": ">=8"
            }
        },
        "node_modules/prisma": {
            "version": "3.15.2",
            "devOptional": true,
            "hasInstallScript": true,
            "license": "Apache-2.0",
            "dependencies": {
                "@prisma/engines": "3.15.1-1.461d6a05159055555eb7dfb337c9fb271cbd4d7e"
            },
            "bin": {
                "prisma": "build/index.js",
                "prisma2": "build/index.js"
            },
            "engines": {
                "node": ">=12.6"
            }
        },
        "node_modules/proxy-from-env": {
            "version": "1.1.0",
            "license": "MIT"
        },
        "node_modules/retry": {
            "version": "0.13.1",
            "license": "MIT",
            "engines": {
                "node": ">= 4"
            }
        },
        "node_modules/safe-buffer": {
            "version": "5.2.1",
            "funding": [
                {
                    "type": "github",
                    "url": "https://github.com/sponsors/feross"
                },
                {
                    "type": "patreon",
                    "url": "https://www.patreon.com/feross"
                },
                {
                    "type": "consulting",
                    "url": "https://feross.org/support"
                }
            ],
            "license": "MIT"
        },
        "node_modules/semver": {
            "version": "7.5.4",
            "license": "ISC",
            "dependencies": {
                "lru-cache": "^6.0.0"
            },
            "bin": {
                "semver": "bin/semver.js"
            },
            "engines": {
                "node": ">=10"
            }
        },
        "node_modules/undici-types": {
            "version": "7.10.0",
            "license": "MIT"
        },
        "node_modules/yallist": {
            "version": "4.0.0",
            "license": "ISC"
        }
    }
}
